
Microsoft Visual Studio Solution File, Format Version 12.00
# Visual Studio Version 16
VisualStudioVersion = 16.0.31613.86
MinimumVisualStudioVersion = 10.0.40219.1
Project("{FAE04EC0-301F-11D3-BF4B-00C04F79EFBC}") = "WebComercio", "WebComercio\WebComercio.csproj", "{788E6F72-5705-47BE-A074-17EE77BB7E73}"
EndProject
Global
	GlobalSection(SolutionConfigurationPlatforms) = preSolution
		Debug|Any CPU = Debug|Any CPU
		Release|Any CPU = Release|Any CPU
	EndGlobalSection
	GlobalSection(ProjectConfigurationPlatforms) = postSolution
		{788E6F72-5705-47BE-A074-17EE77BB7E73}.Debug|Any CPU.ActiveCfg = Debug|Any CPU
		{788E6F72-5705-47BE-A074-17EE77BB7E73}.Debug|Any CPU.Build.0 = Debug|Any CPU
		{788E6F72-5705-47BE-A074-17EE77BB7E73}.Release|Any CPU.ActiveCfg = Release|Any CPU
		{788E6F72-5705-47BE-A074-17EE77BB7E73}.Release|Any CPU.Build.0 = Release|Any CPU
	EndGlobalSection
	GlobalSection(SolutionProperties) = preSolution
		HideSolutionNode = FALSE
	EndGlobalSection
	GlobalSection(ExtensibilityGlobals) = postSolution
		SolutionGuid = {12409EAC-CDFF-4C4D-ACE4-A2C9CB356FA5}
	EndGlobalSection
EndGlobal
